{
  "lockfileVersion": 1,
  "configVersion": 0,
  "workspaces": {
    "": {
      "name": "publish-xhs-scripts",
      "dependencies": {
        "sc-chrome-cdp": "file:./vendor/sc-chrome-cdp",
      },
    },
  },
  "packages": {
    "sc-chrome-cdp": ["/sc-chrome-cdp@file:vendor/sc-chrome-cdp", {}],
  }
}
